
Microsoft Visual Studio Solution File, Format Version 12.00
# Visual Studio Version 16
VisualStudioVersion = 16.0.28803.452
MinimumVisualStudioVersion = 10.0.40219.1
Project("{9A19103F-16F7-4668-BE54-9A1E7A4F7556}") = "CryptoCityWallet.ConsoleWrapper", "CryptoCityWallet.ConsoleWrapper\CryptoCityWallet.ConsoleWrapper.csproj", "{C0D3F29F-5B28-41D8-83E2-29A6125916CA}"
EndProject
Project("{9A19103F-16F7-4668-BE54-9A1E7A4F7556}") = "CryptoCityWallet.Wrapper", "CryptoCityWallet.Wrapper\CryptoCityWallet.Wrapper.csproj", "{F01934A0-F24F-4899-8082-5DB9168EFA28}"
EndProject
Project("{9A19103F-16F7-4668-BE54-9A1E7A4F7556}") = "CryptoCityWallet.Wrapper.DI", "CryptoCityWallet.Wrapper.DI\CryptoCityWallet.Wrapper.DI.csproj", "{B90A171D-1C0C-48F5-AFDA-4E1CDA4E73A7}"
EndProject
Project("{9A19103F-16F7-4668-BE54-9A1E7A4F7556}") = "CryptoCityWallet.Wrapper.Interface", "CryptoCityWallet.Wrapper.Interface\CryptoCityWallet.Wrapper.Interface.csproj", "{619F4AC1-35FF-4C9A-A02A-7F7BC63AAFA9}"
EndProject
Project("{9A19103F-16F7-4668-BE54-9A1E7A4F7556}") = "CryptoCityWallet.Wrapper.Model", "CryptoCityWallet.Wrapper.Model\CryptoCityWallet.Wrapper.Model.csproj", "{D4FC423F-5412-415C-B219-07C29881E71C}"
EndProject
Project("{9A19103F-16F7-4668-BE54-9A1E7A4F7556}") = "CryptoCityWallet.Wrapper.Settings", "CryptoCityWallet.Wrapper.Settings\CryptoCityWallet.Wrapper.Settings.csproj", "{A67D350F-D2A5-44A3-BB6E-209C07511EE6}"
EndProject
Project("{9A19103F-16F7-4668-BE54-9A1E7A4F7556}") = "CryptoCityWallet.Wrapper.Settings.DI", "CryptoCityWallet.Wrapper.Settings.DI\CryptoCityWallet.Wrapper.Settings.DI.csproj", "{F3F73628-8823-4999-849A-8AA3E69C5894}"
EndProject
Project("{9A19103F-16F7-4668-BE54-9A1E7A4F7556}") = "CryptoCityWallet.Wrapper.Settings.Interface", "CryptoCityWallet.Wrapper.Settings.Interface\CryptoCityWallet.Wrapper.Settings.Interface.csproj", "{8F02BC82-3A75-43E1-8155-B49B82CC7FD8}"
EndProject
Project("{FAE04EC0-301F-11D3-BF4B-00C04F79EFBC}") = "CryptoCityWallet.Wrapper.OmniWallet", "CryptoCityWallet.Wrapper.OmniWallet\CryptoCityWallet.Wrapper.OmniWallet.csproj", "{ECA0096C-3F5A-4B7B-98AD-41FB02C89360}"
EndProject
Global
	GlobalSection(SolutionConfigurationPlatforms) = preSolution
		Debug|Any CPU = Debug|Any CPU
		Release|Any CPU = Release|Any CPU
	EndGlobalSection
	GlobalSection(ProjectConfigurationPlatforms) = postSolution
		{C0D3F29F-5B28-41D8-83E2-29A6125916CA}.Debug|Any CPU.ActiveCfg = Debug|Any CPU
		{C0D3F29F-5B28-41D8-83E2-29A6125916CA}.Debug|Any CPU.Build.0 = Debug|Any CPU
		{C0D3F29F-5B28-41D8-83E2-29A6125916CA}.Release|Any CPU.ActiveCfg = Release|Any CPU
		{C0D3F29F-5B28-41D8-83E2-29A6125916CA}.Release|Any CPU.Build.0 = Release|Any CPU
		{F01934A0-F24F-4899-8082-5DB9168EFA28}.Debug|Any CPU.ActiveCfg = Debug|Any CPU
		{F01934A0-F24F-4899-8082-5DB9168EFA28}.Debug|Any CPU.Build.0 = Debug|Any CPU
		{F01934A0-F24F-4899-8082-5DB9168EFA28}.Release|Any CPU.ActiveCfg = Release|Any CPU
		{F01934A0-F24F-4899-8082-5DB9168EFA28}.Release|Any CPU.Build.0 = Release|Any CPU
		{B90A171D-1C0C-48F5-AFDA-4E1CDA4E73A7}.Debug|Any CPU.ActiveCfg = Debug|Any CPU
		{B90A171D-1C0C-48F5-AFDA-4E1CDA4E73A7}.Debug|Any CPU.Build.0 = Debug|Any CPU
		{B90A171D-1C0C-48F5-AFDA-4E1CDA4E73A7}.Release|Any CPU.ActiveCfg = Release|Any CPU
		{B90A171D-1C0C-48F5-AFDA-4E1CDA4E73A7}.Release|Any CPU.Build.0 = Release|Any CPU
		{619F4AC1-35FF-4C9A-A02A-7F7BC63AAFA9}.Debug|Any CPU.ActiveCfg = Debug|Any CPU
		{619F4AC1-35FF-4C9A-A02A-7F7BC63AAFA9}.Debug|Any CPU.Build.0 = Debug|Any CPU
		{619F4AC1-35FF-4C9A-A02A-7F7BC63AAFA9}.Release|Any CPU.ActiveCfg = Release|Any CPU
		{619F4AC1-35FF-4C9A-A02A-7F7BC63AAFA9}.Release|Any CPU.Build.0 = Release|Any CPU
		{D4FC423F-5412-415C-B219-07C29881E71C}.Debug|Any CPU.ActiveCfg = Debug|Any CPU
		{D4FC423F-5412-415C-B219-07C29881E71C}.Debug|Any CPU.Build.0 = Debug|Any CPU
		{D4FC423F-5412-415C-B219-07C29881E71C}.Release|Any CPU.ActiveCfg = Release|Any CPU
		{D4FC423F-5412-415C-B219-07C29881E71C}.Release|Any CPU.Build.0 = Release|Any CPU
		{A67D350F-D2A5-44A3-BB6E-209C07511EE6}.Debug|Any CPU.ActiveCfg = Debug|Any CPU
		{A67D350F-D2A5-44A3-BB6E-209C07511EE6}.Debug|Any CPU.Build.0 = Debug|Any CPU
		{A67D350F-D2A5-44A3-BB6E-209C07511EE6}.Release|Any CPU.ActiveCfg = Release|Any CPU
		{A67D350F-D2A5-44A3-BB6E-209C07511EE6}.Release|Any CPU.Build.0 = Release|Any CPU
		{F3F73628-8823-4999-849A-8AA3E69C5894}.Debug|Any CPU.ActiveCfg = Debug|Any CPU
		{F3F73628-8823-4999-849A-8AA3E69C5894}.Debug|Any CPU.Build.0 = Debug|Any CPU
		{F3F73628-8823-4999-849A-8AA3E69C5894}.Release|Any CPU.ActiveCfg = Release|Any CPU
		{F3F73628-8823-4999-849A-8AA3E69C5894}.Release|Any CPU.Build.0 = Release|Any CPU
		{8F02BC82-3A75-43E1-8155-B49B82CC7FD8}.Debug|Any CPU.ActiveCfg = Debug|Any CPU
		{8F02BC82-3A75-43E1-8155-B49B82CC7FD8}.Debug|Any CPU.Build.0 = Debug|Any CPU
		{8F02BC82-3A75-43E1-8155-B49B82CC7FD8}.Release|Any CPU.ActiveCfg = Release|Any CPU
		{8F02BC82-3A75-43E1-8155-B49B82CC7FD8}.Release|Any CPU.Build.0 = Release|Any CPU
		{ECA0096C-3F5A-4B7B-98AD-41FB02C89360}.Debug|Any CPU.ActiveCfg = Debug|Any CPU
		{ECA0096C-3F5A-4B7B-98AD-41FB02C89360}.Debug|Any CPU.Build.0 = Debug|Any CPU
		{ECA0096C-3F5A-4B7B-98AD-41FB02C89360}.Release|Any CPU.ActiveCfg = Release|Any CPU
		{ECA0096C-3F5A-4B7B-98AD-41FB02C89360}.Release|Any CPU.Build.0 = Release|Any CPU
	EndGlobalSection
	GlobalSection(SolutionProperties) = preSolution
		HideSolutionNode = FALSE
	EndGlobalSection
	GlobalSection(ExtensibilityGlobals) = postSolution
		SolutionGuid = {66C76D70-D807-4500-8754-6700CF123B83}
	EndGlobalSection
EndGlobal
