
Microsoft Visual Studio Solution File, Format Version 12.00
# Visual Studio Version 16
VisualStudioVersion = 16.0.28803.452
MinimumVisualStudioVersion = 10.0.40219.1
Project("{9A19103F-16F7-4668-BE54-9A1E7A4F7556}") = "CryptoCityWallet.BO", "CryptoCityWallet.BO\CryptoCityWallet.BO.csproj", "{D1D8CB8B-A60E-4A26-B996-3791A5D3EE8A}"
EndProject
Project("{9A19103F-16F7-4668-BE54-9A1E7A4F7556}") = "CryptoCityWallet.DTO", "CryptoCityWallet.DTO\CryptoCityWallet.DTO.csproj", "{AF57C483-0DA0-476A-A207-8E5851DF1F63}"
EndProject
Project("{9A19103F-16F7-4668-BE54-9A1E7A4F7556}") = "CryptoCityWallet.Utility", "CryptoCityWallet.Utility\CryptoCityWallet.Utility.csproj", "{29909935-9745-4FC2-BCB0-87D3BC236903}"
EndProject
Project("{9A19103F-16F7-4668-BE54-9A1E7A4F7556}") = "CryptoCityWallet.VM", "CryptoCityWallet.VM\CryptoCityWallet.VM.csproj", "{159DCB90-7BE9-48C1-984D-EFA7761FBCB6}"
EndProject
Project("{FAE04EC0-301F-11D3-BF4B-00C04F79EFBC}") = "CryptoCityWallet.Enums", "CryptoCityWallet.Enums\CryptoCityWallet.Enums.csproj", "{AB7FBD93-9E05-4C66-882A-8602A036EE7F}"
EndProject
Global
	GlobalSection(SolutionConfigurationPlatforms) = preSolution
		Debug|Any CPU = Debug|Any CPU
		Release|Any CPU = Release|Any CPU
	EndGlobalSection
	GlobalSection(ProjectConfigurationPlatforms) = postSolution
		{D1D8CB8B-A60E-4A26-B996-3791A5D3EE8A}.Debug|Any CPU.ActiveCfg = Debug|Any CPU
		{D1D8CB8B-A60E-4A26-B996-3791A5D3EE8A}.Debug|Any CPU.Build.0 = Debug|Any CPU
		{D1D8CB8B-A60E-4A26-B996-3791A5D3EE8A}.Release|Any CPU.ActiveCfg = Release|Any CPU
		{D1D8CB8B-A60E-4A26-B996-3791A5D3EE8A}.Release|Any CPU.Build.0 = Release|Any CPU
		{AF57C483-0DA0-476A-A207-8E5851DF1F63}.Debug|Any CPU.ActiveCfg = Debug|Any CPU
		{AF57C483-0DA0-476A-A207-8E5851DF1F63}.Debug|Any CPU.Build.0 = Debug|Any CPU
		{AF57C483-0DA0-476A-A207-8E5851DF1F63}.Release|Any CPU.ActiveCfg = Release|Any CPU
		{AF57C483-0DA0-476A-A207-8E5851DF1F63}.Release|Any CPU.Build.0 = Release|Any CPU
		{29909935-9745-4FC2-BCB0-87D3BC236903}.Debug|Any CPU.ActiveCfg = Debug|Any CPU
		{29909935-9745-4FC2-BCB0-87D3BC236903}.Debug|Any CPU.Build.0 = Debug|Any CPU
		{29909935-9745-4FC2-BCB0-87D3BC236903}.Release|Any CPU.ActiveCfg = Release|Any CPU
		{29909935-9745-4FC2-BCB0-87D3BC236903}.Release|Any CPU.Build.0 = Release|Any CPU
		{159DCB90-7BE9-48C1-984D-EFA7761FBCB6}.Debug|Any CPU.ActiveCfg = Debug|Any CPU
		{159DCB90-7BE9-48C1-984D-EFA7761FBCB6}.Debug|Any CPU.Build.0 = Debug|Any CPU
		{159DCB90-7BE9-48C1-984D-EFA7761FBCB6}.Release|Any CPU.ActiveCfg = Release|Any CPU
		{159DCB90-7BE9-48C1-984D-EFA7761FBCB6}.Release|Any CPU.Build.0 = Release|Any CPU
		{AB7FBD93-9E05-4C66-882A-8602A036EE7F}.Debug|Any CPU.ActiveCfg = Debug|Any CPU
		{AB7FBD93-9E05-4C66-882A-8602A036EE7F}.Debug|Any CPU.Build.0 = Debug|Any CPU
		{AB7FBD93-9E05-4C66-882A-8602A036EE7F}.Release|Any CPU.ActiveCfg = Release|Any CPU
		{AB7FBD93-9E05-4C66-882A-8602A036EE7F}.Release|Any CPU.Build.0 = Release|Any CPU
	EndGlobalSection
	GlobalSection(SolutionProperties) = preSolution
		HideSolutionNode = FALSE
	EndGlobalSection
	GlobalSection(ExtensibilityGlobals) = postSolution
		SolutionGuid = {6D1535CD-754C-4473-90CB-A22ACD1EFB5A}
	EndGlobalSection
EndGlobal
