
Microsoft Visual Studio Solution File, Format Version 12.00
# Visual Studio Version 16
VisualStudioVersion = 16.0.29324.140
MinimumVisualStudioVersion = 10.0.40219.1
Project("{9A19103F-16F7-4668-BE54-9A1E7A4F7556}") = "CryptoCityWallet.Api", "CryptoCityWallet.Api\CryptoCityWallet.Api.csproj", "{6A07CFB4-B657-45A6-B15F-A27C95055325}"
EndProject
Project("{9A19103F-16F7-4668-BE54-9A1E7A4F7556}") = "CryptoCityWallet.AppService", "CryptoCityWallet.AppService\CryptoCityWallet.AppService.csproj", "{68F217E0-3FDB-4CC5-8A79-FFAC49A9B790}"
EndProject
Project("{9A19103F-16F7-4668-BE54-9A1E7A4F7556}") = "CryptoCityWallet.AppService.Interface", "CryptoCityWallet.AppService.Interface\CryptoCityWallet.AppService.Interface.csproj", "{AA259B5F-A114-4965-9DCE-AEE38B61B04E}"
EndProject
Project("{9A19103F-16F7-4668-BE54-9A1E7A4F7556}") = "CryptoCityWallet.DataAccessLayer", "CryptoCityWallet.DataAccessLayer\CryptoCityWallet.DataAccessLayer.csproj", "{086515FB-0976-481E-BCFC-46075CCC7450}"
EndProject
Project("{9A19103F-16F7-4668-BE54-9A1E7A4F7556}") = "CryptoCityWallet.Entities", "CryptoCityWallet.Entities\CryptoCityWallet.Entities.csproj", "{C3E583D6-CC09-46E5-B9B0-D342749EC505}"
EndProject
Project("{9A19103F-16F7-4668-BE54-9A1E7A4F7556}") = "CryptoCityWallet.UnitTest", "CryptoCityWallet.UnitTest\CryptoCityWallet.UnitTest.csproj", "{38947E2E-753F-4812-B5C6-77B777330B79}"
EndProject
Global
	GlobalSection(SolutionConfigurationPlatforms) = preSolution
		Debug|Any CPU = Debug|Any CPU
		Release|Any CPU = Release|Any CPU
	EndGlobalSection
	GlobalSection(ProjectConfigurationPlatforms) = postSolution
		{6A07CFB4-B657-45A6-B15F-A27C95055325}.Debug|Any CPU.ActiveCfg = Debug|Any CPU
		{6A07CFB4-B657-45A6-B15F-A27C95055325}.Debug|Any CPU.Build.0 = Debug|Any CPU
		{6A07CFB4-B657-45A6-B15F-A27C95055325}.Release|Any CPU.ActiveCfg = Release|Any CPU
		{6A07CFB4-B657-45A6-B15F-A27C95055325}.Release|Any CPU.Build.0 = Release|Any CPU
		{68F217E0-3FDB-4CC5-8A79-FFAC49A9B790}.Debug|Any CPU.ActiveCfg = Debug|Any CPU
		{68F217E0-3FDB-4CC5-8A79-FFAC49A9B790}.Debug|Any CPU.Build.0 = Debug|Any CPU
		{68F217E0-3FDB-4CC5-8A79-FFAC49A9B790}.Release|Any CPU.ActiveCfg = Release|Any CPU
		{68F217E0-3FDB-4CC5-8A79-FFAC49A9B790}.Release|Any CPU.Build.0 = Release|Any CPU
		{AA259B5F-A114-4965-9DCE-AEE38B61B04E}.Debug|Any CPU.ActiveCfg = Debug|Any CPU
		{AA259B5F-A114-4965-9DCE-AEE38B61B04E}.Debug|Any CPU.Build.0 = Debug|Any CPU
		{AA259B5F-A114-4965-9DCE-AEE38B61B04E}.Release|Any CPU.ActiveCfg = Release|Any CPU
		{AA259B5F-A114-4965-9DCE-AEE38B61B04E}.Release|Any CPU.Build.0 = Release|Any CPU
		{086515FB-0976-481E-BCFC-46075CCC7450}.Debug|Any CPU.ActiveCfg = Debug|Any CPU
		{086515FB-0976-481E-BCFC-46075CCC7450}.Debug|Any CPU.Build.0 = Debug|Any CPU
		{086515FB-0976-481E-BCFC-46075CCC7450}.Release|Any CPU.ActiveCfg = Release|Any CPU
		{086515FB-0976-481E-BCFC-46075CCC7450}.Release|Any CPU.Build.0 = Release|Any CPU
		{C3E583D6-CC09-46E5-B9B0-D342749EC505}.Debug|Any CPU.ActiveCfg = Debug|Any CPU
		{C3E583D6-CC09-46E5-B9B0-D342749EC505}.Debug|Any CPU.Build.0 = Debug|Any CPU
		{C3E583D6-CC09-46E5-B9B0-D342749EC505}.Release|Any CPU.ActiveCfg = Release|Any CPU
		{C3E583D6-CC09-46E5-B9B0-D342749EC505}.Release|Any CPU.Build.0 = Release|Any CPU
		{38947E2E-753F-4812-B5C6-77B777330B79}.Debug|Any CPU.ActiveCfg = Debug|Any CPU
		{38947E2E-753F-4812-B5C6-77B777330B79}.Debug|Any CPU.Build.0 = Debug|Any CPU
		{38947E2E-753F-4812-B5C6-77B777330B79}.Release|Any CPU.ActiveCfg = Release|Any CPU
		{38947E2E-753F-4812-B5C6-77B777330B79}.Release|Any CPU.Build.0 = Release|Any CPU
	EndGlobalSection
	GlobalSection(SolutionProperties) = preSolution
		HideSolutionNode = FALSE
	EndGlobalSection
	GlobalSection(ExtensibilityGlobals) = postSolution
		SolutionGuid = {B29B05DE-EB3F-46E3-9A2B-739356AD93A7}
	EndGlobalSection
EndGlobal
