
Microsoft Visual Studio Solution File, Format Version 12.00
# Visual Studio Version 16
VisualStudioVersion = 16.0.28803.452
MinimumVisualStudioVersion = 10.0.40219.1
Project("{9A19103F-16F7-4668-BE54-9A1E7A4F7556}") = "CryptoCityWallet.FrontEnd", "CryptoCityWallet.FrontEnd\CryptoCityWallet.FrontEnd.csproj", "{207AA1D3-69F8-45F0-A870-B81DFC577C6D}"
EndProject
Project("{9A19103F-16F7-4668-BE54-9A1E7A4F7556}") = "CryptoCityWallet.Wrapper", "CryptoCityWallet.Wrapper\CryptoCityWallet.Wrapper.csproj", "{7BA625E8-F458-4FDF-A528-E0C19F54CF1E}"
EndProject
Global
	GlobalSection(SolutionConfigurationPlatforms) = preSolution
		Debug|Any CPU = Debug|Any CPU
		Release|Any CPU = Release|Any CPU
	EndGlobalSection
	GlobalSection(ProjectConfigurationPlatforms) = postSolution
		{207AA1D3-69F8-45F0-A870-B81DFC577C6D}.Debug|Any CPU.ActiveCfg = Debug|Any CPU
		{207AA1D3-69F8-45F0-A870-B81DFC577C6D}.Debug|Any CPU.Build.0 = Debug|Any CPU
		{207AA1D3-69F8-45F0-A870-B81DFC577C6D}.Release|Any CPU.ActiveCfg = Release|Any CPU
		{207AA1D3-69F8-45F0-A870-B81DFC577C6D}.Release|Any CPU.Build.0 = Release|Any CPU
		{7BA625E8-F458-4FDF-A528-E0C19F54CF1E}.Debug|Any CPU.ActiveCfg = Debug|Any CPU
		{7BA625E8-F458-4FDF-A528-E0C19F54CF1E}.Debug|Any CPU.Build.0 = Debug|Any CPU
		{7BA625E8-F458-4FDF-A528-E0C19F54CF1E}.Release|Any CPU.ActiveCfg = Release|Any CPU
		{7BA625E8-F458-4FDF-A528-E0C19F54CF1E}.Release|Any CPU.Build.0 = Release|Any CPU
	EndGlobalSection
	GlobalSection(SolutionProperties) = preSolution
		HideSolutionNode = FALSE
	EndGlobalSection
	GlobalSection(ExtensibilityGlobals) = postSolution
		SolutionGuid = {881DAAA2-F1AB-44E7-9225-B09F8F7B4C7B}
	EndGlobalSection
EndGlobal
